
Microsoft Visual Studio Solution File, Format Version 12.00
# Visual Studio Version 17
VisualStudioVersion = 17.0.31903.59
MinimumVisualStudioVersion = 10.0.40219.1
Project("{FAE04EC0-301F-11D3-BF4B-00C04F79EFBC}") = "Entities", "Entities\Entities.csproj", "{17523A5F-2146-48CE-85A1-475491937E6A}"
EndProject
Project("{FAE04EC0-301F-11D3-BF4B-00C04F79EFBC}") = "FileRepositories", "FileRepositories\FileRepositories.csproj", "{CA44EC50-BF01-4EAE-92EC-0293385D4AE7}"
EndProject
Project("{FAE04EC0-301F-11D3-BF4B-00C04F79EFBC}") = "RepositoryContracts", "RepositoryContracts\RepositoryContracts.csproj", "{DAA99992-15C8-4355-BA17-D4C164DCEBA2}"
EndProject
Project("{FAE04EC0-301F-11D3-BF4B-00C04F79EFBC}") = "GrpcService", "GrpcService\GrpcService.csproj", "{8D0F9EB7-113A-4D6B-9FB2-80D647D8AA6B}"
EndProject
Global
	GlobalSection(SolutionConfigurationPlatforms) = preSolution
		Debug|Any CPU = Debug|Any CPU
		Debug|x64 = Debug|x64
		Debug|x86 = Debug|x86
		Release|Any CPU = Release|Any CPU
		Release|x64 = Release|x64
		Release|x86 = Release|x86
	EndGlobalSection
	GlobalSection(ProjectConfigurationPlatforms) = postSolution
		{17523A5F-2146-48CE-85A1-475491937E6A}.Debug|Any CPU.ActiveCfg = Debug|Any CPU
		{17523A5F-2146-48CE-85A1-475491937E6A}.Debug|Any CPU.Build.0 = Debug|Any CPU
		{17523A5F-2146-48CE-85A1-475491937E6A}.Debug|x64.ActiveCfg = Debug|Any CPU
		{17523A5F-2146-48CE-85A1-475491937E6A}.Debug|x64.Build.0 = Debug|Any CPU
		{17523A5F-2146-48CE-85A1-475491937E6A}.Debug|x86.ActiveCfg = Debug|Any CPU
		{17523A5F-2146-48CE-85A1-475491937E6A}.Debug|x86.Build.0 = Debug|Any CPU
		{17523A5F-2146-48CE-85A1-475491937E6A}.Release|Any CPU.ActiveCfg = Release|Any CPU
		{17523A5F-2146-48CE-85A1-475491937E6A}.Release|Any CPU.Build.0 = Release|Any CPU
		{17523A5F-2146-48CE-85A1-475491937E6A}.Release|x64.ActiveCfg = Release|Any CPU
		{17523A5F-2146-48CE-85A1-475491937E6A}.Release|x64.Build.0 = Release|Any CPU
		{17523A5F-2146-48CE-85A1-475491937E6A}.Release|x86.ActiveCfg = Release|Any CPU
		{17523A5F-2146-48CE-85A1-475491937E6A}.Release|x86.Build.0 = Release|Any CPU
		{CA44EC50-BF01-4EAE-92EC-0293385D4AE7}.Debug|Any CPU.ActiveCfg = Debug|Any CPU
		{CA44EC50-BF01-4EAE-92EC-0293385D4AE7}.Debug|Any CPU.Build.0 = Debug|Any CPU
		{CA44EC50-BF01-4EAE-92EC-0293385D4AE7}.Debug|x64.ActiveCfg = Debug|Any CPU
		{CA44EC50-BF01-4EAE-92EC-0293385D4AE7}.Debug|x64.Build.0 = Debug|Any CPU
		{CA44EC50-BF01-4EAE-92EC-0293385D4AE7}.Debug|x86.ActiveCfg = Debug|Any CPU
		{CA44EC50-BF01-4EAE-92EC-0293385D4AE7}.Debug|x86.Build.0 = Debug|Any CPU
		{CA44EC50-BF01-4EAE-92EC-0293385D4AE7}.Release|Any CPU.ActiveCfg = Release|Any CPU
		{CA44EC50-BF01-4EAE-92EC-0293385D4AE7}.Release|Any CPU.Build.0 = Release|Any CPU
		{CA44EC50-BF01-4EAE-92EC-0293385D4AE7}.Release|x64.ActiveCfg = Release|Any CPU
		{CA44EC50-BF01-4EAE-92EC-0293385D4AE7}.Release|x64.Build.0 = Release|Any CPU
		{CA44EC50-BF01-4EAE-92EC-0293385D4AE7}.Release|x86.ActiveCfg = Release|Any CPU
		{CA44EC50-BF01-4EAE-92EC-0293385D4AE7}.Release|x86.Build.0 = Release|Any CPU
		{DAA99992-15C8-4355-BA17-D4C164DCEBA2}.Debug|Any CPU.ActiveCfg = Debug|Any CPU
		{DAA99992-15C8-4355-BA17-D4C164DCEBA2}.Debug|Any CPU.Build.0 = Debug|Any CPU
		{DAA99992-15C8-4355-BA17-D4C164DCEBA2}.Debug|x64.ActiveCfg = Debug|Any CPU
		{DAA99992-15C8-4355-BA17-D4C164DCEBA2}.Debug|x64.Build.0 = Debug|Any CPU
		{DAA99992-15C8-4355-BA17-D4C164DCEBA2}.Debug|x86.ActiveCfg = Debug|Any CPU
		{DAA99992-15C8-4355-BA17-D4C164DCEBA2}.Debug|x86.Build.0 = Debug|Any CPU
		{DAA99992-15C8-4355-BA17-D4C164DCEBA2}.Release|Any CPU.ActiveCfg = Release|Any CPU
		{DAA99992-15C8-4355-BA17-D4C164DCEBA2}.Release|Any CPU.Build.0 = Release|Any CPU
		{DAA99992-15C8-4355-BA17-D4C164DCEBA2}.Release|x64.ActiveCfg = Release|Any CPU
		{DAA99992-15C8-4355-BA17-D4C164DCEBA2}.Release|x64.Build.0 = Release|Any CPU
		{DAA99992-15C8-4355-BA17-D4C164DCEBA2}.Release|x86.ActiveCfg = Release|Any CPU
		{DAA99992-15C8-4355-BA17-D4C164DCEBA2}.Release|x86.Build.0 = Release|Any CPU
		{8D0F9EB7-113A-4D6B-9FB2-80D647D8AA6B}.Debug|Any CPU.ActiveCfg = Debug|Any CPU
		{8D0F9EB7-113A-4D6B-9FB2-80D647D8AA6B}.Debug|Any CPU.Build.0 = Debug|Any CPU
		{8D0F9EB7-113A-4D6B-9FB2-80D647D8AA6B}.Debug|x64.ActiveCfg = Debug|Any CPU
		{8D0F9EB7-113A-4D6B-9FB2-80D647D8AA6B}.Debug|x64.Build.0 = Debug|Any CPU
		{8D0F9EB7-113A-4D6B-9FB2-80D647D8AA6B}.Debug|x86.ActiveCfg = Debug|Any CPU
		{8D0F9EB7-113A-4D6B-9FB2-80D647D8AA6B}.Debug|x86.Build.0 = Debug|Any CPU
		{8D0F9EB7-113A-4D6B-9FB2-80D647D8AA6B}.Release|Any CPU.ActiveCfg = Release|Any CPU
		{8D0F9EB7-113A-4D6B-9FB2-80D647D8AA6B}.Release|Any CPU.Build.0 = Release|Any CPU
		{8D0F9EB7-113A-4D6B-9FB2-80D647D8AA6B}.Release|x64.ActiveCfg = Release|Any CPU
		{8D0F9EB7-113A-4D6B-9FB2-80D647D8AA6B}.Release|x64.Build.0 = Release|Any CPU
		{8D0F9EB7-113A-4D6B-9FB2-80D647D8AA6B}.Release|x86.ActiveCfg = Release|Any CPU
		{8D0F9EB7-113A-4D6B-9FB2-80D647D8AA6B}.Release|x86.Build.0 = Release|Any CPU
		{D6670354-240A-4B4F-87FE-E9330E05B723}.Debug|Any CPU.ActiveCfg = Debug|Any CPU
		{D6670354-240A-4B4F-87FE-E9330E05B723}.Debug|Any CPU.Build.0 = Debug|Any CPU
		{D6670354-240A-4B4F-87FE-E9330E05B723}.Debug|x64.ActiveCfg = Debug|Any CPU
		{D6670354-240A-4B4F-87FE-E9330E05B723}.Debug|x64.Build.0 = Debug|Any CPU
		{D6670354-240A-4B4F-87FE-E9330E05B723}.Debug|x86.ActiveCfg = Debug|Any CPU
		{D6670354-240A-4B4F-87FE-E9330E05B723}.Debug|x86.Build.0 = Debug|Any CPU
		{D6670354-240A-4B4F-87FE-E9330E05B723}.Release|Any CPU.ActiveCfg = Release|Any CPU
		{D6670354-240A-4B4F-87FE-E9330E05B723}.Release|Any CPU.Build.0 = Release|Any CPU
		{D6670354-240A-4B4F-87FE-E9330E05B723}.Release|x64.ActiveCfg = Release|Any CPU
		{D6670354-240A-4B4F-87FE-E9330E05B723}.Release|x64.Build.0 = Release|Any CPU
		{D6670354-240A-4B4F-87FE-E9330E05B723}.Release|x86.ActiveCfg = Release|Any CPU
		{D6670354-240A-4B4F-87FE-E9330E05B723}.Release|x86.Build.0 = Release|Any CPU
	EndGlobalSection
	GlobalSection(SolutionProperties) = preSolution
		HideSolutionNode = FALSE
	EndGlobalSection
EndGlobal
