
Microsoft Visual Studio Solution File, Format Version 12.00
# Visual Studio Version 17
VisualStudioVersion = 17.0.31903.59
MinimumVisualStudioVersion = 10.0.40219.1
Project("{2150E333-8FDC-42A3-9474-1A3956D46DE8}") = "PersistenceServer", "PersistenceServer", "{98BC804B-E865-18F8-7609-8B880F601F28}"
EndProject
Project("{FAE04EC0-301F-11D3-BF4B-00C04F79EFBC}") = "Entities", "PersistenceServer\Server\Entities\Entities.csproj", "{234A19E6-3641-4350-90FE-4CA46BFFFDD3}"
EndProject
Project("{FAE04EC0-301F-11D3-BF4B-00C04F79EFBC}") = "FileRepositories", "PersistenceServer\Server\FileRepositories\FileRepositories.csproj", "{3CEA80E6-3478-4801-9F5F-CF5D6B745EE9}"
EndProject
Project("{FAE04EC0-301F-11D3-BF4B-00C04F79EFBC}") = "RepositoryContracts", "PersistenceServer\Server\RepositoryContracts\RepositoryContracts.csproj", "{8229A9EA-9BE8-4F9D-B7C0-A9AF2BA27978}"
EndProject
Project("{2150E333-8FDC-42A3-9474-1A3956D46DE8}") = "Server", "Server", "{CD932AF7-82F2-EB44-7494-511AF8C7F2CE}"
EndProject
Project("{FAE04EC0-301F-11D3-BF4B-00C04F79EFBC}") = "GrpcService", "PersistenceServer\Server\GrpcService\GrpcService.csproj", "{C884B17C-6118-4747-B44B-AEDB000E8935}"
EndProject
Project("{2150E333-8FDC-42A3-9474-1A3956D46DE8}") = "Client", "Client", "{2CB42F12-E813-91B3-7D11-3220E40BEF4A}"
EndProject
Project("{FAE04EC0-301F-11D3-BF4B-00C04F79EFBC}") = "BlazorApp", "Client\BlazorApp\BlazorApp.csproj", "{4508795B-F96A-48E4-8B6E-2629BF517A7F}"
EndProject
Project("{2150E333-8FDC-42A3-9474-1A3956D46DE8}") = "Shared", "Shared", "{4F52FD11-658E-A102-6CD3-7D7C16FFA15B}"
EndProject
Project("{FAE04EC0-301F-11D3-BF4B-00C04F79EFBC}") = "DTOs", "Shared\DTOs\DTOs.csproj", "{99187A8B-A0F8-4CD5-8782-078AE8B24A9E}"
EndProject
Global
	GlobalSection(SolutionConfigurationPlatforms) = preSolution
		Debug|Any CPU = Debug|Any CPU
		Debug|x64 = Debug|x64
		Debug|x86 = Debug|x86
		Release|Any CPU = Release|Any CPU
		Release|x64 = Release|x64
		Release|x86 = Release|x86
	EndGlobalSection
	GlobalSection(ProjectConfigurationPlatforms) = postSolution
		{234A19E6-3641-4350-90FE-4CA46BFFFDD3}.Debug|Any CPU.ActiveCfg = Debug|Any CPU
		{234A19E6-3641-4350-90FE-4CA46BFFFDD3}.Debug|Any CPU.Build.0 = Debug|Any CPU
		{234A19E6-3641-4350-90FE-4CA46BFFFDD3}.Debug|x64.ActiveCfg = Debug|Any CPU
		{234A19E6-3641-4350-90FE-4CA46BFFFDD3}.Debug|x64.Build.0 = Debug|Any CPU
		{234A19E6-3641-4350-90FE-4CA46BFFFDD3}.Debug|x86.ActiveCfg = Debug|Any CPU
		{234A19E6-3641-4350-90FE-4CA46BFFFDD3}.Debug|x86.Build.0 = Debug|Any CPU
		{234A19E6-3641-4350-90FE-4CA46BFFFDD3}.Release|Any CPU.ActiveCfg = Release|Any CPU
		{234A19E6-3641-4350-90FE-4CA46BFFFDD3}.Release|Any CPU.Build.0 = Release|Any CPU
		{234A19E6-3641-4350-90FE-4CA46BFFFDD3}.Release|x64.ActiveCfg = Release|Any CPU
		{234A19E6-3641-4350-90FE-4CA46BFFFDD3}.Release|x64.Build.0 = Release|Any CPU
		{234A19E6-3641-4350-90FE-4CA46BFFFDD3}.Release|x86.ActiveCfg = Release|Any CPU
		{234A19E6-3641-4350-90FE-4CA46BFFFDD3}.Release|x86.Build.0 = Release|Any CPU
		{3CEA80E6-3478-4801-9F5F-CF5D6B745EE9}.Debug|Any CPU.ActiveCfg = Debug|Any CPU
		{3CEA80E6-3478-4801-9F5F-CF5D6B745EE9}.Debug|Any CPU.Build.0 = Debug|Any CPU
		{3CEA80E6-3478-4801-9F5F-CF5D6B745EE9}.Debug|x64.ActiveCfg = Debug|Any CPU
		{3CEA80E6-3478-4801-9F5F-CF5D6B745EE9}.Debug|x64.Build.0 = Debug|Any CPU
		{3CEA80E6-3478-4801-9F5F-CF5D6B745EE9}.Debug|x86.ActiveCfg = Debug|Any CPU
		{3CEA80E6-3478-4801-9F5F-CF5D6B745EE9}.Debug|x86.Build.0 = Debug|Any CPU
		{3CEA80E6-3478-4801-9F5F-CF5D6B745EE9}.Release|Any CPU.ActiveCfg = Release|Any CPU
		{3CEA80E6-3478-4801-9F5F-CF5D6B745EE9}.Release|Any CPU.Build.0 = Release|Any CPU
		{3CEA80E6-3478-4801-9F5F-CF5D6B745EE9}.Release|x64.ActiveCfg = Release|Any CPU
		{3CEA80E6-3478-4801-9F5F-CF5D6B745EE9}.Release|x64.Build.0 = Release|Any CPU
		{3CEA80E6-3478-4801-9F5F-CF5D6B745EE9}.Release|x86.ActiveCfg = Release|Any CPU
		{3CEA80E6-3478-4801-9F5F-CF5D6B745EE9}.Release|x86.Build.0 = Release|Any CPU
		{8229A9EA-9BE8-4F9D-B7C0-A9AF2BA27978}.Debug|Any CPU.ActiveCfg = Debug|Any CPU
		{8229A9EA-9BE8-4F9D-B7C0-A9AF2BA27978}.Debug|Any CPU.Build.0 = Debug|Any CPU
		{8229A9EA-9BE8-4F9D-B7C0-A9AF2BA27978}.Debug|x64.ActiveCfg = Debug|Any CPU
		{8229A9EA-9BE8-4F9D-B7C0-A9AF2BA27978}.Debug|x64.Build.0 = Debug|Any CPU
		{8229A9EA-9BE8-4F9D-B7C0-A9AF2BA27978}.Debug|x86.ActiveCfg = Debug|Any CPU
		{8229A9EA-9BE8-4F9D-B7C0-A9AF2BA27978}.Debug|x86.Build.0 = Debug|Any CPU
		{8229A9EA-9BE8-4F9D-B7C0-A9AF2BA27978}.Release|Any CPU.ActiveCfg = Release|Any CPU
		{8229A9EA-9BE8-4F9D-B7C0-A9AF2BA27978}.Release|Any CPU.Build.0 = Release|Any CPU
		{8229A9EA-9BE8-4F9D-B7C0-A9AF2BA27978}.Release|x64.ActiveCfg = Release|Any CPU
		{8229A9EA-9BE8-4F9D-B7C0-A9AF2BA27978}.Release|x64.Build.0 = Release|Any CPU
		{8229A9EA-9BE8-4F9D-B7C0-A9AF2BA27978}.Release|x86.ActiveCfg = Release|Any CPU
		{8229A9EA-9BE8-4F9D-B7C0-A9AF2BA27978}.Release|x86.Build.0 = Release|Any CPU
		{C884B17C-6118-4747-B44B-AEDB000E8935}.Debug|Any CPU.ActiveCfg = Debug|Any CPU
		{C884B17C-6118-4747-B44B-AEDB000E8935}.Debug|Any CPU.Build.0 = Debug|Any CPU
		{C884B17C-6118-4747-B44B-AEDB000E8935}.Debug|x64.ActiveCfg = Debug|Any CPU
		{C884B17C-6118-4747-B44B-AEDB000E8935}.Debug|x64.Build.0 = Debug|Any CPU
		{C884B17C-6118-4747-B44B-AEDB000E8935}.Debug|x86.ActiveCfg = Debug|Any CPU
		{C884B17C-6118-4747-B44B-AEDB000E8935}.Debug|x86.Build.0 = Debug|Any CPU
		{C884B17C-6118-4747-B44B-AEDB000E8935}.Release|Any CPU.ActiveCfg = Release|Any CPU
		{C884B17C-6118-4747-B44B-AEDB000E8935}.Release|Any CPU.Build.0 = Release|Any CPU
		{C884B17C-6118-4747-B44B-AEDB000E8935}.Release|x64.ActiveCfg = Release|Any CPU
		{C884B17C-6118-4747-B44B-AEDB000E8935}.Release|x64.Build.0 = Release|Any CPU
		{C884B17C-6118-4747-B44B-AEDB000E8935}.Release|x86.ActiveCfg = Release|Any CPU
		{C884B17C-6118-4747-B44B-AEDB000E8935}.Release|x86.Build.0 = Release|Any CPU
		{4508795B-F96A-48E4-8B6E-2629BF517A7F}.Debug|Any CPU.ActiveCfg = Debug|Any CPU
		{4508795B-F96A-48E4-8B6E-2629BF517A7F}.Debug|Any CPU.Build.0 = Debug|Any CPU
		{4508795B-F96A-48E4-8B6E-2629BF517A7F}.Debug|x64.ActiveCfg = Debug|Any CPU
		{4508795B-F96A-48E4-8B6E-2629BF517A7F}.Debug|x64.Build.0 = Debug|Any CPU
		{4508795B-F96A-48E4-8B6E-2629BF517A7F}.Debug|x86.ActiveCfg = Debug|Any CPU
		{4508795B-F96A-48E4-8B6E-2629BF517A7F}.Debug|x86.Build.0 = Debug|Any CPU
		{4508795B-F96A-48E4-8B6E-2629BF517A7F}.Release|Any CPU.ActiveCfg = Release|Any CPU
		{4508795B-F96A-48E4-8B6E-2629BF517A7F}.Release|Any CPU.Build.0 = Release|Any CPU
		{4508795B-F96A-48E4-8B6E-2629BF517A7F}.Release|x64.ActiveCfg = Release|Any CPU
		{4508795B-F96A-48E4-8B6E-2629BF517A7F}.Release|x64.Build.0 = Release|Any CPU
		{4508795B-F96A-48E4-8B6E-2629BF517A7F}.Release|x86.ActiveCfg = Release|Any CPU
		{4508795B-F96A-48E4-8B6E-2629BF517A7F}.Release|x86.Build.0 = Release|Any CPU
		{99187A8B-A0F8-4CD5-8782-078AE8B24A9E}.Debug|Any CPU.ActiveCfg = Debug|Any CPU
		{99187A8B-A0F8-4CD5-8782-078AE8B24A9E}.Debug|Any CPU.Build.0 = Debug|Any CPU
		{99187A8B-A0F8-4CD5-8782-078AE8B24A9E}.Debug|x64.ActiveCfg = Debug|Any CPU
		{99187A8B-A0F8-4CD5-8782-078AE8B24A9E}.Debug|x64.Build.0 = Debug|Any CPU
		{99187A8B-A0F8-4CD5-8782-078AE8B24A9E}.Debug|x86.ActiveCfg = Debug|Any CPU
		{99187A8B-A0F8-4CD5-8782-078AE8B24A9E}.Debug|x86.Build.0 = Debug|Any CPU
		{99187A8B-A0F8-4CD5-8782-078AE8B24A9E}.Release|Any CPU.ActiveCfg = Release|Any CPU
		{99187A8B-A0F8-4CD5-8782-078AE8B24A9E}.Release|Any CPU.Build.0 = Release|Any CPU
		{99187A8B-A0F8-4CD5-8782-078AE8B24A9E}.Release|x64.ActiveCfg = Release|Any CPU
		{99187A8B-A0F8-4CD5-8782-078AE8B24A9E}.Release|x64.Build.0 = Release|Any CPU
		{99187A8B-A0F8-4CD5-8782-078AE8B24A9E}.Release|x86.ActiveCfg = Release|Any CPU
		{99187A8B-A0F8-4CD5-8782-078AE8B24A9E}.Release|x86.Build.0 = Release|Any CPU
	EndGlobalSection
	GlobalSection(SolutionProperties) = preSolution
		HideSolutionNode = FALSE
	EndGlobalSection
	GlobalSection(NestedProjects) = preSolution
		{234A19E6-3641-4350-90FE-4CA46BFFFDD3} = {CD932AF7-82F2-EB44-7494-511AF8C7F2CE}
		{3CEA80E6-3478-4801-9F5F-CF5D6B745EE9} = {CD932AF7-82F2-EB44-7494-511AF8C7F2CE}
		{8229A9EA-9BE8-4F9D-B7C0-A9AF2BA27978} = {CD932AF7-82F2-EB44-7494-511AF8C7F2CE}
		{CD932AF7-82F2-EB44-7494-511AF8C7F2CE} = {98BC804B-E865-18F8-7609-8B880F601F28}
		{C884B17C-6118-4747-B44B-AEDB000E8935} = {CD932AF7-82F2-EB44-7494-511AF8C7F2CE}
		{4508795B-F96A-48E4-8B6E-2629BF517A7F} = {2CB42F12-E813-91B3-7D11-3220E40BEF4A}
		{99187A8B-A0F8-4CD5-8782-078AE8B24A9E} = {4F52FD11-658E-A102-6CD3-7D7C16FFA15B}
	EndGlobalSection
EndGlobal
