
Microsoft Visual Studio Solution File, Format Version 12.00
# Visual Studio Version 17
VisualStudioVersion = 17.0.31903.59
MinimumVisualStudioVersion = 10.0.40219.1
Project("{2150E333-8FDC-42A3-9474-1A3956D46DE8}") = "Server", "Server", "{DAD03CFC-D5FA-AC94-41C7-9ABAB326F09E}"
EndProject
Project("{FAE04EC0-301F-11D3-BF4B-00C04F79EFBC}") = "Entities", "Server\Entities\Entities.csproj", "{11411D69-3BE9-4127-AE55-DF9CD317C2AF}"
EndProject
Project("{FAE04EC0-301F-11D3-BF4B-00C04F79EFBC}") = "FileRepositories", "Server\FileRepositories\FileRepositories.csproj", "{3925245E-71DB-4FCC-A1DF-D203491E8D74}"
EndProject
Project("{FAE04EC0-301F-11D3-BF4B-00C04F79EFBC}") = "RepositoryContracts", "Server\RepositoryContracts\RepositoryContracts.csproj", "{D0A62DBA-B9FE-4544-8920-15937CBC4147}"
EndProject
Project("{FAE04EC0-301F-11D3-BF4B-00C04F79EFBC}") = "WebAPI", "Server\WebAPI\WebAPI.csproj", "{DCC9764A-7D71-46DA-BCFB-00EA4EED8825}"
EndProject
Project("{2150E333-8FDC-42A3-9474-1A3956D46DE8}") = "Shared", "Shared", "{4F52FD11-658E-A102-6CD3-7D7C16FFA15B}"
EndProject
Project("{FAE04EC0-301F-11D3-BF4B-00C04F79EFBC}") = "DTOs", "Shared\DTOs\DTOs.csproj", "{2EEEB464-FE97-4793-AB44-575AD9336C08}"
EndProject
Global
	GlobalSection(SolutionConfigurationPlatforms) = preSolution
		Debug|Any CPU = Debug|Any CPU
		Debug|x64 = Debug|x64
		Debug|x86 = Debug|x86
		Release|Any CPU = Release|Any CPU
		Release|x64 = Release|x64
		Release|x86 = Release|x86
	EndGlobalSection
	GlobalSection(ProjectConfigurationPlatforms) = postSolution
		{11411D69-3BE9-4127-AE55-DF9CD317C2AF}.Debug|Any CPU.ActiveCfg = Debug|Any CPU
		{11411D69-3BE9-4127-AE55-DF9CD317C2AF}.Debug|Any CPU.Build.0 = Debug|Any CPU
		{11411D69-3BE9-4127-AE55-DF9CD317C2AF}.Debug|x64.ActiveCfg = Debug|Any CPU
		{11411D69-3BE9-4127-AE55-DF9CD317C2AF}.Debug|x64.Build.0 = Debug|Any CPU
		{11411D69-3BE9-4127-AE55-DF9CD317C2AF}.Debug|x86.ActiveCfg = Debug|Any CPU
		{11411D69-3BE9-4127-AE55-DF9CD317C2AF}.Debug|x86.Build.0 = Debug|Any CPU
		{11411D69-3BE9-4127-AE55-DF9CD317C2AF}.Release|Any CPU.ActiveCfg = Release|Any CPU
		{11411D69-3BE9-4127-AE55-DF9CD317C2AF}.Release|Any CPU.Build.0 = Release|Any CPU
		{11411D69-3BE9-4127-AE55-DF9CD317C2AF}.Release|x64.ActiveCfg = Release|Any CPU
		{11411D69-3BE9-4127-AE55-DF9CD317C2AF}.Release|x64.Build.0 = Release|Any CPU
		{11411D69-3BE9-4127-AE55-DF9CD317C2AF}.Release|x86.ActiveCfg = Release|Any CPU
		{11411D69-3BE9-4127-AE55-DF9CD317C2AF}.Release|x86.Build.0 = Release|Any CPU
		{3925245E-71DB-4FCC-A1DF-D203491E8D74}.Debug|Any CPU.ActiveCfg = Debug|Any CPU
		{3925245E-71DB-4FCC-A1DF-D203491E8D74}.Debug|Any CPU.Build.0 = Debug|Any CPU
		{3925245E-71DB-4FCC-A1DF-D203491E8D74}.Debug|x64.ActiveCfg = Debug|Any CPU
		{3925245E-71DB-4FCC-A1DF-D203491E8D74}.Debug|x64.Build.0 = Debug|Any CPU
		{3925245E-71DB-4FCC-A1DF-D203491E8D74}.Debug|x86.ActiveCfg = Debug|Any CPU
		{3925245E-71DB-4FCC-A1DF-D203491E8D74}.Debug|x86.Build.0 = Debug|Any CPU
		{3925245E-71DB-4FCC-A1DF-D203491E8D74}.Release|Any CPU.ActiveCfg = Release|Any CPU
		{3925245E-71DB-4FCC-A1DF-D203491E8D74}.Release|Any CPU.Build.0 = Release|Any CPU
		{3925245E-71DB-4FCC-A1DF-D203491E8D74}.Release|x64.ActiveCfg = Release|Any CPU
		{3925245E-71DB-4FCC-A1DF-D203491E8D74}.Release|x64.Build.0 = Release|Any CPU
		{3925245E-71DB-4FCC-A1DF-D203491E8D74}.Release|x86.ActiveCfg = Release|Any CPU
		{3925245E-71DB-4FCC-A1DF-D203491E8D74}.Release|x86.Build.0 = Release|Any CPU
		{D0A62DBA-B9FE-4544-8920-15937CBC4147}.Debug|Any CPU.ActiveCfg = Debug|Any CPU
		{D0A62DBA-B9FE-4544-8920-15937CBC4147}.Debug|Any CPU.Build.0 = Debug|Any CPU
		{D0A62DBA-B9FE-4544-8920-15937CBC4147}.Debug|x64.ActiveCfg = Debug|Any CPU
		{D0A62DBA-B9FE-4544-8920-15937CBC4147}.Debug|x64.Build.0 = Debug|Any CPU
		{D0A62DBA-B9FE-4544-8920-15937CBC4147}.Debug|x86.ActiveCfg = Debug|Any CPU
		{D0A62DBA-B9FE-4544-8920-15937CBC4147}.Debug|x86.Build.0 = Debug|Any CPU
		{D0A62DBA-B9FE-4544-8920-15937CBC4147}.Release|Any CPU.ActiveCfg = Release|Any CPU
		{D0A62DBA-B9FE-4544-8920-15937CBC4147}.Release|Any CPU.Build.0 = Release|Any CPU
		{D0A62DBA-B9FE-4544-8920-15937CBC4147}.Release|x64.ActiveCfg = Release|Any CPU
		{D0A62DBA-B9FE-4544-8920-15937CBC4147}.Release|x64.Build.0 = Release|Any CPU
		{D0A62DBA-B9FE-4544-8920-15937CBC4147}.Release|x86.ActiveCfg = Release|Any CPU
		{D0A62DBA-B9FE-4544-8920-15937CBC4147}.Release|x86.Build.0 = Release|Any CPU
		{DCC9764A-7D71-46DA-BCFB-00EA4EED8825}.Debug|Any CPU.ActiveCfg = Debug|Any CPU
		{DCC9764A-7D71-46DA-BCFB-00EA4EED8825}.Debug|Any CPU.Build.0 = Debug|Any CPU
		{DCC9764A-7D71-46DA-BCFB-00EA4EED8825}.Debug|x64.ActiveCfg = Debug|Any CPU
		{DCC9764A-7D71-46DA-BCFB-00EA4EED8825}.Debug|x64.Build.0 = Debug|Any CPU
		{DCC9764A-7D71-46DA-BCFB-00EA4EED8825}.Debug|x86.ActiveCfg = Debug|Any CPU
		{DCC9764A-7D71-46DA-BCFB-00EA4EED8825}.Debug|x86.Build.0 = Debug|Any CPU
		{DCC9764A-7D71-46DA-BCFB-00EA4EED8825}.Release|Any CPU.ActiveCfg = Release|Any CPU
		{DCC9764A-7D71-46DA-BCFB-00EA4EED8825}.Release|Any CPU.Build.0 = Release|Any CPU
		{DCC9764A-7D71-46DA-BCFB-00EA4EED8825}.Release|x64.ActiveCfg = Release|Any CPU
		{DCC9764A-7D71-46DA-BCFB-00EA4EED8825}.Release|x64.Build.0 = Release|Any CPU
		{DCC9764A-7D71-46DA-BCFB-00EA4EED8825}.Release|x86.ActiveCfg = Release|Any CPU
		{DCC9764A-7D71-46DA-BCFB-00EA4EED8825}.Release|x86.Build.0 = Release|Any CPU
		{2EEEB464-FE97-4793-AB44-575AD9336C08}.Debug|Any CPU.ActiveCfg = Debug|Any CPU
		{2EEEB464-FE97-4793-AB44-575AD9336C08}.Debug|Any CPU.Build.0 = Debug|Any CPU
		{2EEEB464-FE97-4793-AB44-575AD9336C08}.Debug|x64.ActiveCfg = Debug|Any CPU
		{2EEEB464-FE97-4793-AB44-575AD9336C08}.Debug|x64.Build.0 = Debug|Any CPU
		{2EEEB464-FE97-4793-AB44-575AD9336C08}.Debug|x86.ActiveCfg = Debug|Any CPU
		{2EEEB464-FE97-4793-AB44-575AD9336C08}.Debug|x86.Build.0 = Debug|Any CPU
		{2EEEB464-FE97-4793-AB44-575AD9336C08}.Release|Any CPU.ActiveCfg = Release|Any CPU
		{2EEEB464-FE97-4793-AB44-575AD9336C08}.Release|Any CPU.Build.0 = Release|Any CPU
		{2EEEB464-FE97-4793-AB44-575AD9336C08}.Release|x64.ActiveCfg = Release|Any CPU
		{2EEEB464-FE97-4793-AB44-575AD9336C08}.Release|x64.Build.0 = Release|Any CPU
		{2EEEB464-FE97-4793-AB44-575AD9336C08}.Release|x86.ActiveCfg = Release|Any CPU
		{2EEEB464-FE97-4793-AB44-575AD9336C08}.Release|x86.Build.0 = Release|Any CPU
	EndGlobalSection
	GlobalSection(SolutionProperties) = preSolution
		HideSolutionNode = FALSE
	EndGlobalSection
	GlobalSection(NestedProjects) = preSolution
		{11411D69-3BE9-4127-AE55-DF9CD317C2AF} = {DAD03CFC-D5FA-AC94-41C7-9ABAB326F09E}
		{3925245E-71DB-4FCC-A1DF-D203491E8D74} = {DAD03CFC-D5FA-AC94-41C7-9ABAB326F09E}
		{D0A62DBA-B9FE-4544-8920-15937CBC4147} = {DAD03CFC-D5FA-AC94-41C7-9ABAB326F09E}
		{DCC9764A-7D71-46DA-BCFB-00EA4EED8825} = {DAD03CFC-D5FA-AC94-41C7-9ABAB326F09E}
		{2EEEB464-FE97-4793-AB44-575AD9336C08} = {4F52FD11-658E-A102-6CD3-7D7C16FFA15B}
	EndGlobalSection
EndGlobal
